{
  "name": "amonite-async",
  "version": "1.0.0",
  "lockfileVersion": 1,
  "requires": true,
  "dependencies": {
    "bson-async": {
      "version": "github:karkael64/bson-async#cc1d7f10d51ab9fc43bf1f78bdcbc2a198299380",
      "from": "github:karkael64/bson-async"
    },
    "event-target": {
      "version": "github:karkael64/event-target#02a2fb5e1a4cd436126307df32949731f21c099a",
      "from": "github:karkael64/event-target"
    },
    "http-arguments-async": {
      "version": "github:karkael64/http-arguments-async#88280c2413fe99f413a93d444ca79696c939b92b",
      "from": "github:karkael64/http-arguments-async"
    },
    "http-code-async": {
      "version": "github:karkael64/http-code-async#534646e90936cd4f9a43645e42356b9eab0d50c7",
      "from": "github:karkael64/http-code-async"
    }
  }
}
